
Microsoft Visual Studio Solution File, Format Version 12.00
# Visual Studio 2012
Project("{2150E333-8FDC-42A3-9474-1A3956D46DE8}") = "src", "src", "{F0717179-F14B-4667-8D5A-5980EC935F0F}"
EndProject
Project("{2150E333-8FDC-42A3-9474-1A3956D46DE8}") = "build", "build", "{33043060-6D33-4018-9F77-A36E70771C93}"
	ProjectSection(SolutionItems) = preProject
		build.cmd = build.cmd
		build\Build.proj = build\Build.proj
		build\Build.tasks = build\Build.tasks
		build\README.md = build\README.md
		build\Ship.environment.props = build\Ship.environment.props
		build\Ship.versions.targets = build\Ship.versions.targets
	EndProjectSection
EndProject
Project("{2150E333-8FDC-42A3-9474-1A3956D46DE8}") = ".nuget", ".nuget", "{47B95AB0-A787-4853-B9B4-CC16714240A6}"
	ProjectSection(SolutionItems) = preProject
		.nuget\NuGet.Config = .nuget\NuGet.Config
		.nuget\NuGet.exe = .nuget\NuGet.exe
		.nuget\NuGet.targets = .nuget\NuGet.targets
	EndProjectSection
EndProject
Project("{2150E333-8FDC-42A3-9474-1A3956D46DE8}") = "tests", "tests", "{2A29E5BC-9DE1-4299-AFD9-86F1CC77B921}"
EndProject
Project("{2150E333-8FDC-42A3-9474-1A3956D46DE8}") = "unit test", "unit test", "{923D9377-9025-425B-9698-1A38947CA973}"
EndProject
Project("{2150E333-8FDC-42A3-9474-1A3956D46DE8}") = "lib", "lib", "{BFDC90B2-65F5-4F9E-A49F-9CD8060A2B4B}"
	ProjectSection(SolutionItems) = preProject
		lib\README.md = lib\README.md
	EndProjectSection
EndProject
Project("{2150E333-8FDC-42A3-9474-1A3956D46DE8}") = "packaging", "packaging", "{05F4023A-A4F6-4844-8175-8D7E04C63913}"
	ProjectSection(SolutionItems) = preProject
		build\packaging\Sitecore.Ship.nuspec = build\packaging\Sitecore.Ship.nuspec
	EndProjectSection
EndProject
Project("{2150E333-8FDC-42A3-9474-1A3956D46DE8}") = "docs", "docs", "{D11D4F10-B2C8-4E1C-BF78-B192D303D20D}"
	ProjectSection(SolutionItems) = preProject
		docs\Assembly Linkage.dgml = docs\Assembly Linkage.dgml
		README.md = README.md
	EndProjectSection
EndProject
Project("{FAE04EC0-301F-11D3-BF4B-00C04F79EFBC}") = "Sitecore.Ship.Core", "src\Sitecore.Ship.Core\Sitecore.Ship.Core.csproj", "{F9CC137C-E000-4D1E-9997-B8E3D20F7E36}"
EndProject
Project("{FAE04EC0-301F-11D3-BF4B-00C04F79EFBC}") = "Sitecore.Ship.Infrastructure", "src\Sitecore.Ship.Infrastructure\Sitecore.Ship.Infrastructure.csproj", "{A0ED41C4-D292-47BD-8457-A40267B4EA8C}"
EndProject
Project("{FAE04EC0-301F-11D3-BF4B-00C04F79EFBC}") = "Sitecore.Ship.Test", "tests\unit-test\Sitecore.Ship.Test\Sitecore.Ship.Test.csproj", "{4363354A-7FF5-492B-B7F6-B02802C52DE8}"
EndProject
Project("{FAE04EC0-301F-11D3-BF4B-00C04F79EFBC}") = "Sitecore.Ship", "src\Sitecore.Ship\Sitecore.Ship.csproj", "{CD35B0F4-791F-452A-A7BA-98D82A00007F}"
EndProject
Project("{FAE04EC0-301F-11D3-BF4B-00C04F79EFBC}") = "Sitecore.Ship.Core.Test", "tests\unit-test\Sitecore.Ship.Core.Test\Sitecore.Ship.Core.Test.csproj", "{A4356DB1-04AC-48E9-B70B-6C6E0C38A96E}"
EndProject
Project("{2150E333-8FDC-42A3-9474-1A3956D46DE8}") = "integration test", "integration test", "{62E649F4-4878-4EA3-BCF6-82CB86D2B685}"
EndProject
Project("{FAE04EC0-301F-11D3-BF4B-00C04F79EFBC}") = "Sitecore.Ship.Infrastructure.Intg.Test", "tests\intg-test\Sitecore.Ship.Infrastructure.Intg.Test\Sitecore.Ship.Infrastructure.Intg.Test.csproj", "{E18F1279-A765-4852-BF4C-CB401BDBC909}"
EndProject
Global
	GlobalSection(SolutionConfigurationPlatforms) = preSolution
		Debug|Any CPU = Debug|Any CPU
		Debug|Mixed Platforms = Debug|Mixed Platforms
		Debug|x86 = Debug|x86
		Release|Any CPU = Release|Any CPU
		Release|Mixed Platforms = Release|Mixed Platforms
		Release|x86 = Release|x86
	EndGlobalSection
	GlobalSection(ProjectConfigurationPlatforms) = postSolution
		{F9CC137C-E000-4D1E-9997-B8E3D20F7E36}.Debug|Any CPU.ActiveCfg = Debug|Any CPU
		{F9CC137C-E000-4D1E-9997-B8E3D20F7E36}.Debug|Any CPU.Build.0 = Debug|Any CPU
		{F9CC137C-E000-4D1E-9997-B8E3D20F7E36}.Debug|Mixed Platforms.ActiveCfg = Debug|Any CPU
		{F9CC137C-E000-4D1E-9997-B8E3D20F7E36}.Debug|Mixed Platforms.Build.0 = Debug|Any CPU
		{F9CC137C-E000-4D1E-9997-B8E3D20F7E36}.Debug|x86.ActiveCfg = Debug|Any CPU
		{F9CC137C-E000-4D1E-9997-B8E3D20F7E36}.Release|Any CPU.ActiveCfg = Release|Any CPU
		{F9CC137C-E000-4D1E-9997-B8E3D20F7E36}.Release|Any CPU.Build.0 = Release|Any CPU
		{F9CC137C-E000-4D1E-9997-B8E3D20F7E36}.Release|Mixed Platforms.ActiveCfg = Release|Any CPU
		{F9CC137C-E000-4D1E-9997-B8E3D20F7E36}.Release|Mixed Platforms.Build.0 = Release|Any CPU
		{F9CC137C-E000-4D1E-9997-B8E3D20F7E36}.Release|x86.ActiveCfg = Release|Any CPU
		{A0ED41C4-D292-47BD-8457-A40267B4EA8C}.Debug|Any CPU.ActiveCfg = Debug|Any CPU
		{A0ED41C4-D292-47BD-8457-A40267B4EA8C}.Debug|Any CPU.Build.0 = Debug|Any CPU
		{A0ED41C4-D292-47BD-8457-A40267B4EA8C}.Debug|Mixed Platforms.ActiveCfg = Debug|Any CPU
		{A0ED41C4-D292-47BD-8457-A40267B4EA8C}.Debug|Mixed Platforms.Build.0 = Debug|Any CPU
		{A0ED41C4-D292-47BD-8457-A40267B4EA8C}.Debug|x86.ActiveCfg = Debug|Any CPU
		{A0ED41C4-D292-47BD-8457-A40267B4EA8C}.Release|Any CPU.ActiveCfg = Release|Any CPU
		{A0ED41C4-D292-47BD-8457-A40267B4EA8C}.Release|Any CPU.Build.0 = Release|Any CPU
		{A0ED41C4-D292-47BD-8457-A40267B4EA8C}.Release|Mixed Platforms.ActiveCfg = Release|Any CPU
		{A0ED41C4-D292-47BD-8457-A40267B4EA8C}.Release|Mixed Platforms.Build.0 = Release|Any CPU
		{A0ED41C4-D292-47BD-8457-A40267B4EA8C}.Release|x86.ActiveCfg = Release|Any CPU
		{4363354A-7FF5-492B-B7F6-B02802C52DE8}.Debug|Any CPU.ActiveCfg = Debug|Any CPU
		{4363354A-7FF5-492B-B7F6-B02802C52DE8}.Debug|Any CPU.Build.0 = Debug|Any CPU
		{4363354A-7FF5-492B-B7F6-B02802C52DE8}.Debug|Mixed Platforms.ActiveCfg = Debug|Any CPU
		{4363354A-7FF5-492B-B7F6-B02802C52DE8}.Debug|Mixed Platforms.Build.0 = Debug|Any CPU
		{4363354A-7FF5-492B-B7F6-B02802C52DE8}.Debug|x86.ActiveCfg = Debug|Any CPU
		{4363354A-7FF5-492B-B7F6-B02802C52DE8}.Release|Any CPU.ActiveCfg = Release|Any CPU
		{4363354A-7FF5-492B-B7F6-B02802C52DE8}.Release|Any CPU.Build.0 = Release|Any CPU
		{4363354A-7FF5-492B-B7F6-B02802C52DE8}.Release|Mixed Platforms.ActiveCfg = Release|Any CPU
		{4363354A-7FF5-492B-B7F6-B02802C52DE8}.Release|Mixed Platforms.Build.0 = Release|Any CPU
		{4363354A-7FF5-492B-B7F6-B02802C52DE8}.Release|x86.ActiveCfg = Release|Any CPU
		{CD35B0F4-791F-452A-A7BA-98D82A00007F}.Debug|Any CPU.ActiveCfg = Debug|Any CPU
		{CD35B0F4-791F-452A-A7BA-98D82A00007F}.Debug|Any CPU.Build.0 = Debug|Any CPU
		{CD35B0F4-791F-452A-A7BA-98D82A00007F}.Debug|Mixed Platforms.ActiveCfg = Debug|Any CPU
		{CD35B0F4-791F-452A-A7BA-98D82A00007F}.Debug|Mixed Platforms.Build.0 = Debug|Any CPU
		{CD35B0F4-791F-452A-A7BA-98D82A00007F}.Debug|x86.ActiveCfg = Debug|Any CPU
		{CD35B0F4-791F-452A-A7BA-98D82A00007F}.Release|Any CPU.ActiveCfg = Release|Any CPU
		{CD35B0F4-791F-452A-A7BA-98D82A00007F}.Release|Any CPU.Build.0 = Release|Any CPU
		{CD35B0F4-791F-452A-A7BA-98D82A00007F}.Release|Mixed Platforms.ActiveCfg = Release|Any CPU
		{CD35B0F4-791F-452A-A7BA-98D82A00007F}.Release|Mixed Platforms.Build.0 = Release|Any CPU
		{CD35B0F4-791F-452A-A7BA-98D82A00007F}.Release|x86.ActiveCfg = Release|Any CPU
		{A4356DB1-04AC-48E9-B70B-6C6E0C38A96E}.Debug|Any CPU.ActiveCfg = Debug|Any CPU
		{A4356DB1-04AC-48E9-B70B-6C6E0C38A96E}.Debug|Any CPU.Build.0 = Debug|Any CPU
		{A4356DB1-04AC-48E9-B70B-6C6E0C38A96E}.Debug|Mixed Platforms.ActiveCfg = Debug|Any CPU
		{A4356DB1-04AC-48E9-B70B-6C6E0C38A96E}.Debug|Mixed Platforms.Build.0 = Debug|Any CPU
		{A4356DB1-04AC-48E9-B70B-6C6E0C38A96E}.Debug|x86.ActiveCfg = Debug|Any CPU
		{A4356DB1-04AC-48E9-B70B-6C6E0C38A96E}.Release|Any CPU.ActiveCfg = Release|Any CPU
		{A4356DB1-04AC-48E9-B70B-6C6E0C38A96E}.Release|Any CPU.Build.0 = Release|Any CPU
		{A4356DB1-04AC-48E9-B70B-6C6E0C38A96E}.Release|Mixed Platforms.ActiveCfg = Release|Any CPU
		{A4356DB1-04AC-48E9-B70B-6C6E0C38A96E}.Release|Mixed Platforms.Build.0 = Release|Any CPU
		{A4356DB1-04AC-48E9-B70B-6C6E0C38A96E}.Release|x86.ActiveCfg = Release|Any CPU
		{E18F1279-A765-4852-BF4C-CB401BDBC909}.Debug|Any CPU.ActiveCfg = Debug|Any CPU
		{E18F1279-A765-4852-BF4C-CB401BDBC909}.Debug|Any CPU.Build.0 = Debug|Any CPU
		{E18F1279-A765-4852-BF4C-CB401BDBC909}.Debug|Mixed Platforms.ActiveCfg = Debug|Any CPU
		{E18F1279-A765-4852-BF4C-CB401BDBC909}.Debug|Mixed Platforms.Build.0 = Debug|Any CPU
		{E18F1279-A765-4852-BF4C-CB401BDBC909}.Debug|x86.ActiveCfg = Debug|Any CPU
		{E18F1279-A765-4852-BF4C-CB401BDBC909}.Release|Any CPU.ActiveCfg = Release|Any CPU
		{E18F1279-A765-4852-BF4C-CB401BDBC909}.Release|Any CPU.Build.0 = Release|Any CPU
		{E18F1279-A765-4852-BF4C-CB401BDBC909}.Release|Mixed Platforms.ActiveCfg = Release|Any CPU
		{E18F1279-A765-4852-BF4C-CB401BDBC909}.Release|Mixed Platforms.Build.0 = Release|Any CPU
		{E18F1279-A765-4852-BF4C-CB401BDBC909}.Release|x86.ActiveCfg = Release|Any CPU
	EndGlobalSection
	GlobalSection(SolutionProperties) = preSolution
		HideSolutionNode = FALSE
	EndGlobalSection
	GlobalSection(NestedProjects) = preSolution
		{F9CC137C-E000-4D1E-9997-B8E3D20F7E36} = {F0717179-F14B-4667-8D5A-5980EC935F0F}
		{A0ED41C4-D292-47BD-8457-A40267B4EA8C} = {F0717179-F14B-4667-8D5A-5980EC935F0F}
		{CD35B0F4-791F-452A-A7BA-98D82A00007F} = {F0717179-F14B-4667-8D5A-5980EC935F0F}
		{05F4023A-A4F6-4844-8175-8D7E04C63913} = {33043060-6D33-4018-9F77-A36E70771C93}
		{923D9377-9025-425B-9698-1A38947CA973} = {2A29E5BC-9DE1-4299-AFD9-86F1CC77B921}
		{62E649F4-4878-4EA3-BCF6-82CB86D2B685} = {2A29E5BC-9DE1-4299-AFD9-86F1CC77B921}
		{4363354A-7FF5-492B-B7F6-B02802C52DE8} = {923D9377-9025-425B-9698-1A38947CA973}
		{A4356DB1-04AC-48E9-B70B-6C6E0C38A96E} = {923D9377-9025-425B-9698-1A38947CA973}
		{E18F1279-A765-4852-BF4C-CB401BDBC909} = {62E649F4-4878-4EA3-BCF6-82CB86D2B685}
	EndGlobalSection
EndGlobal
