
Microsoft Visual Studio Solution File, Format Version 12.00
# Visual Studio 14
VisualStudioVersion = 14.0.25123.0
MinimumVisualStudioVersion = 10.0.40219.1
Project("{2150E333-8FDC-42A3-9474-1A3956D46DE8}") = "src", "src", "{F0717179-F14B-4667-8D5A-5980EC935F0F}"
EndProject
Project("{2150E333-8FDC-42A3-9474-1A3956D46DE8}") = ".nuget", ".nuget", "{47B95AB0-A787-4853-B9B4-CC16714240A6}"
	ProjectSection(SolutionItems) = preProject
		.nuget\NuGet.Config = .nuget\NuGet.Config
		.nuget\NuGet.exe = .nuget\NuGet.exe
		.nuget\NuGet.targets = .nuget\NuGet.targets
	EndProjectSection
EndProject
Project("{2150E333-8FDC-42A3-9474-1A3956D46DE8}") = "tests", "tests", "{2A29E5BC-9DE1-4299-AFD9-86F1CC77B921}"
EndProject
Project("{2150E333-8FDC-42A3-9474-1A3956D46DE8}") = "unit test", "unit test", "{923D9377-9025-425B-9698-1A38947CA973}"
EndProject
Project("{2150E333-8FDC-42A3-9474-1A3956D46DE8}") = "lib", "lib", "{BFDC90B2-65F5-4F9E-A49F-9CD8060A2B4B}"
	ProjectSection(SolutionItems) = preProject
		lib\README.md = lib\README.md
	EndProjectSection
EndProject
Project("{2150E333-8FDC-42A3-9474-1A3956D46DE8}") = "docs", "docs", "{D11D4F10-B2C8-4E1C-BF78-B192D303D20D}"
	ProjectSection(SolutionItems) = preProject
		apiary.apib = apiary.apib
		docs\Assembly Linkage.dgml = docs\Assembly Linkage.dgml
		README.md = README.md
	EndProjectSection
EndProject
Project("{FAE04EC0-301F-11D3-BF4B-00C04F79EFBC}") = "Sitecore.Ship.Core", "src\Sitecore.Ship.Core\Sitecore.Ship.Core.csproj", "{F9CC137C-E000-4D1E-9997-B8E3D20F7E36}"
EndProject
Project("{FAE04EC0-301F-11D3-BF4B-00C04F79EFBC}") = "Sitecore.Ship.Infrastructure", "src\Sitecore.Ship.Infrastructure\Sitecore.Ship.Infrastructure.csproj", "{A0ED41C4-D292-47BD-8457-A40267B4EA8C}"
EndProject
Project("{FAE04EC0-301F-11D3-BF4B-00C04F79EFBC}") = "Sitecore.Ship.Test", "tests\unit-test\Sitecore.Ship.Test\Sitecore.Ship.Test.csproj", "{4363354A-7FF5-492B-B7F6-B02802C52DE8}"
EndProject
Project("{FAE04EC0-301F-11D3-BF4B-00C04F79EFBC}") = "Sitecore.Ship", "src\Sitecore.Ship\Sitecore.Ship.csproj", "{CD35B0F4-791F-452A-A7BA-98D82A00007F}"
EndProject
Project("{FAE04EC0-301F-11D3-BF4B-00C04F79EFBC}") = "Sitecore.Ship.Core.Test", "tests\unit-test\Sitecore.Ship.Core.Test\Sitecore.Ship.Core.Test.csproj", "{A4356DB1-04AC-48E9-B70B-6C6E0C38A96E}"
EndProject
Project("{2150E333-8FDC-42A3-9474-1A3956D46DE8}") = "integration test", "integration test", "{62E649F4-4878-4EA3-BCF6-82CB86D2B685}"
EndProject
Project("{FAE04EC0-301F-11D3-BF4B-00C04F79EFBC}") = "Sitecore.Ship.Infrastructure.Intg.Test", "tests\intg-test\Sitecore.Ship.Infrastructure.Intg.Test\Sitecore.Ship.Infrastructure.Intg.Test.csproj", "{E18F1279-A765-4852-BF4C-CB401BDBC909}"
EndProject
Project("{FAE04EC0-301F-11D3-BF4B-00C04F79EFBC}") = "Sitecore.Ship.AspNet", "src\Sitecore.Ship.AspNet\Sitecore.Ship.AspNet.csproj", "{D8D5E56C-6E0A-4A70-AA85-E0F6DDD97B38}"
EndProject
Project("{2150E333-8FDC-42A3-9474-1A3956D46DE8}") = "acceptance test", "acceptance test", "{9BF13B7F-07E4-43B3-9B90-E06EBB39CC53}"
EndProject
Project("{2150E333-8FDC-42A3-9474-1A3956D46DE8}") = "test packages", "test packages", "{20FEF273-8A20-4A33-A54F-5B91026A511E}"
	ProjectSection(SolutionItems) = preProject
		tests\acceptance-test\package.update = tests\acceptance-test\package.update
		tests\acceptance-test\Sitecore.Mvc.Contrib.1.0.0.130626.update = tests\acceptance-test\Sitecore.Mvc.Contrib.1.0.0.130626.update
		tests\acceptance-test\Sitecore.Mvc.Contrib.Sample.1.0.0.130626.update = tests\acceptance-test\Sitecore.Mvc.Contrib.Sample.1.0.0.130626.update
	EndProjectSection
EndProject
Project("{FAE04EC0-301F-11D3-BF4B-00C04F79EFBC}") = "Sitecore.Ship.AspNet.Web.Accept.Test", "tests\acceptance-test\Sitecore.Ship.AspNet.Web.Accept.Test\Sitecore.Ship.AspNet.Web.Accept.Test.csproj", "{6B2A7E83-EDD3-4814-8EDD-508AF695BB59}"
EndProject
Project("{FAE04EC0-301F-11D3-BF4B-00C04F79EFBC}") = "TestUtils", "tests\TestUtils\TestUtils.csproj", "{6121509C-0554-4FD7-974B-97A81B9DF0F3}"
EndProject
Project("{FAE04EC0-301F-11D3-BF4B-00C04F79EFBC}") = "Sitecore.Ship.AspNet.Test", "tests\unit-test\Sitecore.Ship.AspNet.Test\Sitecore.Ship.AspNet.Test.csproj", "{E24C421E-4CF0-40B8-AD95-FF35BBE890D2}"
EndProject
Project("{FAE04EC0-301F-11D3-BF4B-00C04F79EFBC}") = "Build", "src\Build\Build.csproj", "{FB70597F-145D-4B5B-8401-171A843F1CBB}"
EndProject
Project("{2150E333-8FDC-42A3-9474-1A3956D46DE8}") = "Common", "Common", "{16F17633-E78E-4D1A-8A07-2BFBF2CB85D9}"
	ProjectSection(SolutionItems) = preProject
		src\Common\CommonAssemblyInfo.cs = src\Common\CommonAssemblyInfo.cs
		src\Common\CommonVersionInfo.cs = src\Common\CommonVersionInfo.cs
		src\Common\GlobalSuppressions.cs = src\Common\GlobalSuppressions.cs
	EndProjectSection
EndProject
Project("{2150E333-8FDC-42A3-9474-1A3956D46DE8}") = "Postman", "Postman", "{7684F283-CC34-455B-BC75-BA436AE7B32C}"
	ProjectSection(SolutionItems) = preProject
		tests\acceptance-test\Postman\Sitecore.Ship.postman_collection.json = tests\acceptance-test\Postman\Sitecore.Ship.postman_collection.json
	EndProjectSection
EndProject
Global
	GlobalSection(SolutionConfigurationPlatforms) = preSolution
		Debug|Any CPU = Debug|Any CPU
		Debug|Mixed Platforms = Debug|Mixed Platforms
		Debug|x86 = Debug|x86
		Release|Any CPU = Release|Any CPU
		Release|Mixed Platforms = Release|Mixed Platforms
		Release|x86 = Release|x86
	EndGlobalSection
	GlobalSection(ProjectConfigurationPlatforms) = postSolution
		{F9CC137C-E000-4D1E-9997-B8E3D20F7E36}.Debug|Any CPU.ActiveCfg = Debug|Any CPU
		{F9CC137C-E000-4D1E-9997-B8E3D20F7E36}.Debug|Any CPU.Build.0 = Debug|Any CPU
		{F9CC137C-E000-4D1E-9997-B8E3D20F7E36}.Debug|Mixed Platforms.ActiveCfg = Debug|Any CPU
		{F9CC137C-E000-4D1E-9997-B8E3D20F7E36}.Debug|Mixed Platforms.Build.0 = Debug|Any CPU
		{F9CC137C-E000-4D1E-9997-B8E3D20F7E36}.Debug|x86.ActiveCfg = Debug|Any CPU
		{F9CC137C-E000-4D1E-9997-B8E3D20F7E36}.Release|Any CPU.ActiveCfg = Release|Any CPU
		{F9CC137C-E000-4D1E-9997-B8E3D20F7E36}.Release|Any CPU.Build.0 = Release|Any CPU
		{F9CC137C-E000-4D1E-9997-B8E3D20F7E36}.Release|Mixed Platforms.ActiveCfg = Release|Any CPU
		{F9CC137C-E000-4D1E-9997-B8E3D20F7E36}.Release|Mixed Platforms.Build.0 = Release|Any CPU
		{F9CC137C-E000-4D1E-9997-B8E3D20F7E36}.Release|x86.ActiveCfg = Release|Any CPU
		{A0ED41C4-D292-47BD-8457-A40267B4EA8C}.Debug|Any CPU.ActiveCfg = Debug|Any CPU
		{A0ED41C4-D292-47BD-8457-A40267B4EA8C}.Debug|Any CPU.Build.0 = Debug|Any CPU
		{A0ED41C4-D292-47BD-8457-A40267B4EA8C}.Debug|Mixed Platforms.ActiveCfg = Debug|Any CPU
		{A0ED41C4-D292-47BD-8457-A40267B4EA8C}.Debug|Mixed Platforms.Build.0 = Debug|Any CPU
		{A0ED41C4-D292-47BD-8457-A40267B4EA8C}.Debug|x86.ActiveCfg = Debug|Any CPU
		{A0ED41C4-D292-47BD-8457-A40267B4EA8C}.Release|Any CPU.ActiveCfg = Release|Any CPU
		{A0ED41C4-D292-47BD-8457-A40267B4EA8C}.Release|Any CPU.Build.0 = Release|Any CPU
		{A0ED41C4-D292-47BD-8457-A40267B4EA8C}.Release|Mixed Platforms.ActiveCfg = Release|Any CPU
		{A0ED41C4-D292-47BD-8457-A40267B4EA8C}.Release|Mixed Platforms.Build.0 = Release|Any CPU
		{A0ED41C4-D292-47BD-8457-A40267B4EA8C}.Release|x86.ActiveCfg = Release|Any CPU
		{4363354A-7FF5-492B-B7F6-B02802C52DE8}.Debug|Any CPU.ActiveCfg = Debug|Any CPU
		{4363354A-7FF5-492B-B7F6-B02802C52DE8}.Debug|Any CPU.Build.0 = Debug|Any CPU
		{4363354A-7FF5-492B-B7F6-B02802C52DE8}.Debug|Mixed Platforms.ActiveCfg = Debug|Any CPU
		{4363354A-7FF5-492B-B7F6-B02802C52DE8}.Debug|Mixed Platforms.Build.0 = Debug|Any CPU
		{4363354A-7FF5-492B-B7F6-B02802C52DE8}.Debug|x86.ActiveCfg = Debug|Any CPU
		{4363354A-7FF5-492B-B7F6-B02802C52DE8}.Release|Any CPU.ActiveCfg = Release|Any CPU
		{4363354A-7FF5-492B-B7F6-B02802C52DE8}.Release|Any CPU.Build.0 = Release|Any CPU
		{4363354A-7FF5-492B-B7F6-B02802C52DE8}.Release|Mixed Platforms.ActiveCfg = Release|Any CPU
		{4363354A-7FF5-492B-B7F6-B02802C52DE8}.Release|Mixed Platforms.Build.0 = Release|Any CPU
		{4363354A-7FF5-492B-B7F6-B02802C52DE8}.Release|x86.ActiveCfg = Release|Any CPU
		{CD35B0F4-791F-452A-A7BA-98D82A00007F}.Debug|Any CPU.ActiveCfg = Debug|Any CPU
		{CD35B0F4-791F-452A-A7BA-98D82A00007F}.Debug|Any CPU.Build.0 = Debug|Any CPU
		{CD35B0F4-791F-452A-A7BA-98D82A00007F}.Debug|Mixed Platforms.ActiveCfg = Debug|Any CPU
		{CD35B0F4-791F-452A-A7BA-98D82A00007F}.Debug|Mixed Platforms.Build.0 = Debug|Any CPU
		{CD35B0F4-791F-452A-A7BA-98D82A00007F}.Debug|x86.ActiveCfg = Debug|Any CPU
		{CD35B0F4-791F-452A-A7BA-98D82A00007F}.Release|Any CPU.ActiveCfg = Release|Any CPU
		{CD35B0F4-791F-452A-A7BA-98D82A00007F}.Release|Any CPU.Build.0 = Release|Any CPU
		{CD35B0F4-791F-452A-A7BA-98D82A00007F}.Release|Mixed Platforms.ActiveCfg = Release|Any CPU
		{CD35B0F4-791F-452A-A7BA-98D82A00007F}.Release|Mixed Platforms.Build.0 = Release|Any CPU
		{CD35B0F4-791F-452A-A7BA-98D82A00007F}.Release|x86.ActiveCfg = Release|Any CPU
		{A4356DB1-04AC-48E9-B70B-6C6E0C38A96E}.Debug|Any CPU.ActiveCfg = Debug|Any CPU
		{A4356DB1-04AC-48E9-B70B-6C6E0C38A96E}.Debug|Any CPU.Build.0 = Debug|Any CPU
		{A4356DB1-04AC-48E9-B70B-6C6E0C38A96E}.Debug|Mixed Platforms.ActiveCfg = Debug|Any CPU
		{A4356DB1-04AC-48E9-B70B-6C6E0C38A96E}.Debug|Mixed Platforms.Build.0 = Debug|Any CPU
		{A4356DB1-04AC-48E9-B70B-6C6E0C38A96E}.Debug|x86.ActiveCfg = Debug|Any CPU
		{A4356DB1-04AC-48E9-B70B-6C6E0C38A96E}.Release|Any CPU.ActiveCfg = Release|Any CPU
		{A4356DB1-04AC-48E9-B70B-6C6E0C38A96E}.Release|Any CPU.Build.0 = Release|Any CPU
		{A4356DB1-04AC-48E9-B70B-6C6E0C38A96E}.Release|Mixed Platforms.ActiveCfg = Release|Any CPU
		{A4356DB1-04AC-48E9-B70B-6C6E0C38A96E}.Release|Mixed Platforms.Build.0 = Release|Any CPU
		{A4356DB1-04AC-48E9-B70B-6C6E0C38A96E}.Release|x86.ActiveCfg = Release|Any CPU
		{E18F1279-A765-4852-BF4C-CB401BDBC909}.Debug|Any CPU.ActiveCfg = Debug|Any CPU
		{E18F1279-A765-4852-BF4C-CB401BDBC909}.Debug|Any CPU.Build.0 = Debug|Any CPU
		{E18F1279-A765-4852-BF4C-CB401BDBC909}.Debug|Mixed Platforms.ActiveCfg = Debug|Any CPU
		{E18F1279-A765-4852-BF4C-CB401BDBC909}.Debug|Mixed Platforms.Build.0 = Debug|Any CPU
		{E18F1279-A765-4852-BF4C-CB401BDBC909}.Debug|x86.ActiveCfg = Debug|Any CPU
		{E18F1279-A765-4852-BF4C-CB401BDBC909}.Release|Any CPU.ActiveCfg = Release|Any CPU
		{E18F1279-A765-4852-BF4C-CB401BDBC909}.Release|Any CPU.Build.0 = Release|Any CPU
		{E18F1279-A765-4852-BF4C-CB401BDBC909}.Release|Mixed Platforms.ActiveCfg = Release|Any CPU
		{E18F1279-A765-4852-BF4C-CB401BDBC909}.Release|Mixed Platforms.Build.0 = Release|Any CPU
		{E18F1279-A765-4852-BF4C-CB401BDBC909}.Release|x86.ActiveCfg = Release|Any CPU
		{D8D5E56C-6E0A-4A70-AA85-E0F6DDD97B38}.Debug|Any CPU.ActiveCfg = Debug|Any CPU
		{D8D5E56C-6E0A-4A70-AA85-E0F6DDD97B38}.Debug|Any CPU.Build.0 = Debug|Any CPU
		{D8D5E56C-6E0A-4A70-AA85-E0F6DDD97B38}.Debug|Mixed Platforms.ActiveCfg = Debug|Any CPU
		{D8D5E56C-6E0A-4A70-AA85-E0F6DDD97B38}.Debug|Mixed Platforms.Build.0 = Debug|Any CPU
		{D8D5E56C-6E0A-4A70-AA85-E0F6DDD97B38}.Debug|x86.ActiveCfg = Debug|Any CPU
		{D8D5E56C-6E0A-4A70-AA85-E0F6DDD97B38}.Release|Any CPU.ActiveCfg = Release|Any CPU
		{D8D5E56C-6E0A-4A70-AA85-E0F6DDD97B38}.Release|Any CPU.Build.0 = Release|Any CPU
		{D8D5E56C-6E0A-4A70-AA85-E0F6DDD97B38}.Release|Mixed Platforms.ActiveCfg = Release|Any CPU
		{D8D5E56C-6E0A-4A70-AA85-E0F6DDD97B38}.Release|Mixed Platforms.Build.0 = Release|Any CPU
		{D8D5E56C-6E0A-4A70-AA85-E0F6DDD97B38}.Release|x86.ActiveCfg = Release|Any CPU
		{6B2A7E83-EDD3-4814-8EDD-508AF695BB59}.Debug|Any CPU.ActiveCfg = Debug|Any CPU
		{6B2A7E83-EDD3-4814-8EDD-508AF695BB59}.Debug|Any CPU.Build.0 = Debug|Any CPU
		{6B2A7E83-EDD3-4814-8EDD-508AF695BB59}.Debug|Mixed Platforms.ActiveCfg = Debug|Any CPU
		{6B2A7E83-EDD3-4814-8EDD-508AF695BB59}.Debug|Mixed Platforms.Build.0 = Debug|Any CPU
		{6B2A7E83-EDD3-4814-8EDD-508AF695BB59}.Debug|x86.ActiveCfg = Debug|Any CPU
		{6B2A7E83-EDD3-4814-8EDD-508AF695BB59}.Release|Any CPU.ActiveCfg = Release|Any CPU
		{6B2A7E83-EDD3-4814-8EDD-508AF695BB59}.Release|Any CPU.Build.0 = Release|Any CPU
		{6B2A7E83-EDD3-4814-8EDD-508AF695BB59}.Release|Mixed Platforms.ActiveCfg = Release|Any CPU
		{6B2A7E83-EDD3-4814-8EDD-508AF695BB59}.Release|Mixed Platforms.Build.0 = Release|Any CPU
		{6B2A7E83-EDD3-4814-8EDD-508AF695BB59}.Release|x86.ActiveCfg = Release|Any CPU
		{6121509C-0554-4FD7-974B-97A81B9DF0F3}.Debug|Any CPU.ActiveCfg = Debug|Any CPU
		{6121509C-0554-4FD7-974B-97A81B9DF0F3}.Debug|Any CPU.Build.0 = Debug|Any CPU
		{6121509C-0554-4FD7-974B-97A81B9DF0F3}.Debug|Mixed Platforms.ActiveCfg = Debug|Any CPU
		{6121509C-0554-4FD7-974B-97A81B9DF0F3}.Debug|Mixed Platforms.Build.0 = Debug|Any CPU
		{6121509C-0554-4FD7-974B-97A81B9DF0F3}.Debug|x86.ActiveCfg = Debug|Any CPU
		{6121509C-0554-4FD7-974B-97A81B9DF0F3}.Release|Any CPU.ActiveCfg = Release|Any CPU
		{6121509C-0554-4FD7-974B-97A81B9DF0F3}.Release|Any CPU.Build.0 = Release|Any CPU
		{6121509C-0554-4FD7-974B-97A81B9DF0F3}.Release|Mixed Platforms.ActiveCfg = Release|Any CPU
		{6121509C-0554-4FD7-974B-97A81B9DF0F3}.Release|Mixed Platforms.Build.0 = Release|Any CPU
		{6121509C-0554-4FD7-974B-97A81B9DF0F3}.Release|x86.ActiveCfg = Release|Any CPU
		{E24C421E-4CF0-40B8-AD95-FF35BBE890D2}.Debug|Any CPU.ActiveCfg = Debug|Any CPU
		{E24C421E-4CF0-40B8-AD95-FF35BBE890D2}.Debug|Any CPU.Build.0 = Debug|Any CPU
		{E24C421E-4CF0-40B8-AD95-FF35BBE890D2}.Debug|Mixed Platforms.ActiveCfg = Debug|Any CPU
		{E24C421E-4CF0-40B8-AD95-FF35BBE890D2}.Debug|Mixed Platforms.Build.0 = Debug|Any CPU
		{E24C421E-4CF0-40B8-AD95-FF35BBE890D2}.Debug|x86.ActiveCfg = Debug|Any CPU
		{E24C421E-4CF0-40B8-AD95-FF35BBE890D2}.Release|Any CPU.ActiveCfg = Release|Any CPU
		{E24C421E-4CF0-40B8-AD95-FF35BBE890D2}.Release|Any CPU.Build.0 = Release|Any CPU
		{E24C421E-4CF0-40B8-AD95-FF35BBE890D2}.Release|Mixed Platforms.ActiveCfg = Release|Any CPU
		{E24C421E-4CF0-40B8-AD95-FF35BBE890D2}.Release|Mixed Platforms.Build.0 = Release|Any CPU
		{E24C421E-4CF0-40B8-AD95-FF35BBE890D2}.Release|x86.ActiveCfg = Release|Any CPU
		{FB70597F-145D-4B5B-8401-171A843F1CBB}.Debug|Any CPU.ActiveCfg = Debug|Any CPU
		{FB70597F-145D-4B5B-8401-171A843F1CBB}.Debug|Any CPU.Build.0 = Debug|Any CPU
		{FB70597F-145D-4B5B-8401-171A843F1CBB}.Debug|Mixed Platforms.ActiveCfg = Debug|Any CPU
		{FB70597F-145D-4B5B-8401-171A843F1CBB}.Debug|Mixed Platforms.Build.0 = Debug|Any CPU
		{FB70597F-145D-4B5B-8401-171A843F1CBB}.Debug|x86.ActiveCfg = Debug|Any CPU
		{FB70597F-145D-4B5B-8401-171A843F1CBB}.Debug|x86.Build.0 = Debug|Any CPU
		{FB70597F-145D-4B5B-8401-171A843F1CBB}.Release|Any CPU.ActiveCfg = Release|Any CPU
		{FB70597F-145D-4B5B-8401-171A843F1CBB}.Release|Any CPU.Build.0 = Release|Any CPU
		{FB70597F-145D-4B5B-8401-171A843F1CBB}.Release|Mixed Platforms.ActiveCfg = Release|Any CPU
		{FB70597F-145D-4B5B-8401-171A843F1CBB}.Release|Mixed Platforms.Build.0 = Release|Any CPU
		{FB70597F-145D-4B5B-8401-171A843F1CBB}.Release|x86.ActiveCfg = Release|Any CPU
		{FB70597F-145D-4B5B-8401-171A843F1CBB}.Release|x86.Build.0 = Release|Any CPU
	EndGlobalSection
	GlobalSection(SolutionProperties) = preSolution
		HideSolutionNode = FALSE
	EndGlobalSection
	GlobalSection(NestedProjects) = preSolution
		{923D9377-9025-425B-9698-1A38947CA973} = {2A29E5BC-9DE1-4299-AFD9-86F1CC77B921}
		{F9CC137C-E000-4D1E-9997-B8E3D20F7E36} = {F0717179-F14B-4667-8D5A-5980EC935F0F}
		{A0ED41C4-D292-47BD-8457-A40267B4EA8C} = {F0717179-F14B-4667-8D5A-5980EC935F0F}
		{4363354A-7FF5-492B-B7F6-B02802C52DE8} = {923D9377-9025-425B-9698-1A38947CA973}
		{CD35B0F4-791F-452A-A7BA-98D82A00007F} = {F0717179-F14B-4667-8D5A-5980EC935F0F}
		{A4356DB1-04AC-48E9-B70B-6C6E0C38A96E} = {923D9377-9025-425B-9698-1A38947CA973}
		{62E649F4-4878-4EA3-BCF6-82CB86D2B685} = {2A29E5BC-9DE1-4299-AFD9-86F1CC77B921}
		{E18F1279-A765-4852-BF4C-CB401BDBC909} = {62E649F4-4878-4EA3-BCF6-82CB86D2B685}
		{D8D5E56C-6E0A-4A70-AA85-E0F6DDD97B38} = {F0717179-F14B-4667-8D5A-5980EC935F0F}
		{9BF13B7F-07E4-43B3-9B90-E06EBB39CC53} = {2A29E5BC-9DE1-4299-AFD9-86F1CC77B921}
		{20FEF273-8A20-4A33-A54F-5B91026A511E} = {9BF13B7F-07E4-43B3-9B90-E06EBB39CC53}
		{6B2A7E83-EDD3-4814-8EDD-508AF695BB59} = {9BF13B7F-07E4-43B3-9B90-E06EBB39CC53}
		{6121509C-0554-4FD7-974B-97A81B9DF0F3} = {2A29E5BC-9DE1-4299-AFD9-86F1CC77B921}
		{E24C421E-4CF0-40B8-AD95-FF35BBE890D2} = {923D9377-9025-425B-9698-1A38947CA973}
		{FB70597F-145D-4B5B-8401-171A843F1CBB} = {F0717179-F14B-4667-8D5A-5980EC935F0F}
		{16F17633-E78E-4D1A-8A07-2BFBF2CB85D9} = {F0717179-F14B-4667-8D5A-5980EC935F0F}
		{7684F283-CC34-455B-BC75-BA436AE7B32C} = {9BF13B7F-07E4-43B3-9B90-E06EBB39CC53}
	EndGlobalSection
EndGlobal
